
Microsoft Visual Studio Solution File, Format Version 12.00
# Visual Studio Version 16
VisualStudioVersion = 16.0.31911.196
MinimumVisualStudioVersion = 10.0.40219.1
Project("{FAE04EC0-301F-11D3-BF4B-00C04F79EFBC}") = "JA_GaussianBlurProj", "JA_GaussianBlurProj\JA_GaussianBlurProj.csproj", "{0911B282-034F-41E9-BD86-DAD9A09F93F6}"
	ProjectSection(ProjectDependencies) = postProject
		{E562572A-81D6-4D31-9A93-7D253430D7A6} = {E562572A-81D6-4D31-9A93-7D253430D7A6}
		{F65441B3-607D-4332-BECE-B477E0CCB575} = {F65441B3-607D-4332-BECE-B477E0CCB575}
		{6F5812D2-98B2-4F7F-95D5-8598C1FC4F1E} = {6F5812D2-98B2-4F7F-95D5-8598C1FC4F1E}
	EndProjectSection
EndProject
Project("{8BC9CEB8-8B4A-11D0-8D11-00A0C91BC942}") = "Lib_Cpp", "Lib_Cpp\Lib_Cpp.vcxproj", "{6F5812D2-98B2-4F7F-95D5-8598C1FC4F1E}"
EndProject
Project("{8BC9CEB8-8B4A-11D0-8D11-00A0C91BC942}") = "Lib_ASM", "Lib_ASM\Lib_ASM.vcxproj", "{F65441B3-607D-4332-BECE-B477E0CCB575}"
EndProject
Project("{FAE04EC0-301F-11D3-BF4B-00C04F79EFBC}") = "Lab_CS", "Lab_CS\Lab_CS.csproj", "{E562572A-81D6-4D31-9A93-7D253430D7A6}"
EndProject
Global
	GlobalSection(SolutionConfigurationPlatforms) = preSolution
		Debug|Any CPU = Debug|Any CPU
		Debug|x64 = Debug|x64
		Debug|x86 = Debug|x86
		Release|Any CPU = Release|Any CPU
		Release|x64 = Release|x64
		Release|x86 = Release|x86
	EndGlobalSection
	GlobalSection(ProjectConfigurationPlatforms) = postSolution
		{0911B282-034F-41E9-BD86-DAD9A09F93F6}.Debug|Any CPU.ActiveCfg = Debug|Any CPU
		{0911B282-034F-41E9-BD86-DAD9A09F93F6}.Debug|Any CPU.Build.0 = Debug|Any CPU
		{0911B282-034F-41E9-BD86-DAD9A09F93F6}.Debug|x64.ActiveCfg = Debug|x64
		{0911B282-034F-41E9-BD86-DAD9A09F93F6}.Debug|x64.Build.0 = Debug|x64
		{0911B282-034F-41E9-BD86-DAD9A09F93F6}.Debug|x86.ActiveCfg = Debug|Any CPU
		{0911B282-034F-41E9-BD86-DAD9A09F93F6}.Debug|x86.Build.0 = Debug|Any CPU
		{0911B282-034F-41E9-BD86-DAD9A09F93F6}.Release|Any CPU.ActiveCfg = Release|Any CPU
		{0911B282-034F-41E9-BD86-DAD9A09F93F6}.Release|Any CPU.Build.0 = Release|Any CPU
		{0911B282-034F-41E9-BD86-DAD9A09F93F6}.Release|x64.ActiveCfg = Release|Any CPU
		{0911B282-034F-41E9-BD86-DAD9A09F93F6}.Release|x64.Build.0 = Release|Any CPU
		{0911B282-034F-41E9-BD86-DAD9A09F93F6}.Release|x86.ActiveCfg = Release|Any CPU
		{0911B282-034F-41E9-BD86-DAD9A09F93F6}.Release|x86.Build.0 = Release|Any CPU
		{6F5812D2-98B2-4F7F-95D5-8598C1FC4F1E}.Debug|Any CPU.ActiveCfg = Debug|Win32
		{6F5812D2-98B2-4F7F-95D5-8598C1FC4F1E}.Debug|x64.ActiveCfg = Debug|x64
		{6F5812D2-98B2-4F7F-95D5-8598C1FC4F1E}.Debug|x64.Build.0 = Debug|x64
		{6F5812D2-98B2-4F7F-95D5-8598C1FC4F1E}.Debug|x86.ActiveCfg = Debug|Win32
		{6F5812D2-98B2-4F7F-95D5-8598C1FC4F1E}.Debug|x86.Build.0 = Debug|Win32
		{6F5812D2-98B2-4F7F-95D5-8598C1FC4F1E}.Release|Any CPU.ActiveCfg = Release|Win32
		{6F5812D2-98B2-4F7F-95D5-8598C1FC4F1E}.Release|x64.ActiveCfg = Release|x64
		{6F5812D2-98B2-4F7F-95D5-8598C1FC4F1E}.Release|x64.Build.0 = Release|x64
		{6F5812D2-98B2-4F7F-95D5-8598C1FC4F1E}.Release|x86.ActiveCfg = Release|Win32
		{6F5812D2-98B2-4F7F-95D5-8598C1FC4F1E}.Release|x86.Build.0 = Release|Win32
		{F65441B3-607D-4332-BECE-B477E0CCB575}.Debug|Any CPU.ActiveCfg = Debug|Win32
		{F65441B3-607D-4332-BECE-B477E0CCB575}.Debug|x64.ActiveCfg = Debug|x64
		{F65441B3-607D-4332-BECE-B477E0CCB575}.Debug|x64.Build.0 = Debug|x64
		{F65441B3-607D-4332-BECE-B477E0CCB575}.Debug|x86.ActiveCfg = Debug|Win32
		{F65441B3-607D-4332-BECE-B477E0CCB575}.Debug|x86.Build.0 = Debug|Win32
		{F65441B3-607D-4332-BECE-B477E0CCB575}.Release|Any CPU.ActiveCfg = Release|Win32
		{F65441B3-607D-4332-BECE-B477E0CCB575}.Release|x64.ActiveCfg = Release|x64
		{F65441B3-607D-4332-BECE-B477E0CCB575}.Release|x64.Build.0 = Release|x64
		{F65441B3-607D-4332-BECE-B477E0CCB575}.Release|x86.ActiveCfg = Release|Win32
		{F65441B3-607D-4332-BECE-B477E0CCB575}.Release|x86.Build.0 = Release|Win32
		{E562572A-81D6-4D31-9A93-7D253430D7A6}.Debug|Any CPU.ActiveCfg = Debug|Any CPU
		{E562572A-81D6-4D31-9A93-7D253430D7A6}.Debug|Any CPU.Build.0 = Debug|Any CPU
		{E562572A-81D6-4D31-9A93-7D253430D7A6}.Debug|x64.ActiveCfg = Debug|Any CPU
		{E562572A-81D6-4D31-9A93-7D253430D7A6}.Debug|x64.Build.0 = Debug|Any CPU
		{E562572A-81D6-4D31-9A93-7D253430D7A6}.Debug|x86.ActiveCfg = Debug|Any CPU
		{E562572A-81D6-4D31-9A93-7D253430D7A6}.Debug|x86.Build.0 = Debug|Any CPU
		{E562572A-81D6-4D31-9A93-7D253430D7A6}.Release|Any CPU.ActiveCfg = Release|Any CPU
		{E562572A-81D6-4D31-9A93-7D253430D7A6}.Release|Any CPU.Build.0 = Release|Any CPU
		{E562572A-81D6-4D31-9A93-7D253430D7A6}.Release|x64.ActiveCfg = Release|Any CPU
		{E562572A-81D6-4D31-9A93-7D253430D7A6}.Release|x64.Build.0 = Release|Any CPU
		{E562572A-81D6-4D31-9A93-7D253430D7A6}.Release|x86.ActiveCfg = Release|Any CPU
		{E562572A-81D6-4D31-9A93-7D253430D7A6}.Release|x86.Build.0 = Release|Any CPU
	EndGlobalSection
	GlobalSection(SolutionProperties) = preSolution
		HideSolutionNode = FALSE
	EndGlobalSection
	GlobalSection(ExtensibilityGlobals) = postSolution
		SolutionGuid = {56ECA78E-D927-408C-9538-ADA354FBE91A}
	EndGlobalSection
EndGlobal
